
Microsoft Visual Studio Solution File, Format Version 12.00
# Visual Studio Version 17
VisualStudioVersion = 17.4.33122.133
MinimumVisualStudioVersion = 10.0.40219.1
Project("{FAE04EC0-301F-11D3-BF4B-00C04F79EFBC}") = "Demo", "Demo\Demo.csproj", "{C98540FB-8495-4F21-B8EE-4A0654EA5252}"
EndProject
Project("{FAE04EC0-301F-11D3-BF4B-00C04F79EFBC}") = "Demo.Dal", "Demo.Dal\Demo.Dal.csproj", "{F6A9F2D3-D205-4D5E-BBD9-F36AE4ACC29A}"
EndProject
Project("{FAE04EC0-301F-11D3-BF4B-00C04F79EFBC}") = "Demo.Bl", "Demo.Bl\Demo.Bl.csproj", "{7D598B52-AD62-4758-A536-37C8084299D9}"
EndProject
Global
	GlobalSection(SolutionConfigurationPlatforms) = preSolution
		Debug|Any CPU = Debug|Any CPU
		Release|Any CPU = Release|Any CPU
	EndGlobalSection
	GlobalSection(ProjectConfigurationPlatforms) = postSolution
		{C98540FB-8495-4F21-B8EE-4A0654EA5252}.Debug|Any CPU.ActiveCfg = Debug|Any CPU
		{C98540FB-8495-4F21-B8EE-4A0654EA5252}.Debug|Any CPU.Build.0 = Debug|Any CPU
		{C98540FB-8495-4F21-B8EE-4A0654EA5252}.Release|Any CPU.ActiveCfg = Release|Any CPU
		{C98540FB-8495-4F21-B8EE-4A0654EA5252}.Release|Any CPU.Build.0 = Release|Any CPU
		{F6A9F2D3-D205-4D5E-BBD9-F36AE4ACC29A}.Debug|Any CPU.ActiveCfg = Debug|Any CPU
		{F6A9F2D3-D205-4D5E-BBD9-F36AE4ACC29A}.Debug|Any CPU.Build.0 = Debug|Any CPU
		{F6A9F2D3-D205-4D5E-BBD9-F36AE4ACC29A}.Release|Any CPU.ActiveCfg = Release|Any CPU
		{F6A9F2D3-D205-4D5E-BBD9-F36AE4ACC29A}.Release|Any CPU.Build.0 = Release|Any CPU
		{7D598B52-AD62-4758-A536-37C8084299D9}.Debug|Any CPU.ActiveCfg = Debug|Any CPU
		{7D598B52-AD62-4758-A536-37C8084299D9}.Debug|Any CPU.Build.0 = Debug|Any CPU
		{7D598B52-AD62-4758-A536-37C8084299D9}.Release|Any CPU.ActiveCfg = Release|Any CPU
		{7D598B52-AD62-4758-A536-37C8084299D9}.Release|Any CPU.Build.0 = Release|Any CPU
	EndGlobalSection
	GlobalSection(SolutionProperties) = preSolution
		HideSolutionNode = FALSE
	EndGlobalSection
	GlobalSection(ExtensibilityGlobals) = postSolution
		SolutionGuid = {30DCC2A7-F9E7-4BF5-9FE0-23953ED6F9A8}
	EndGlobalSection
EndGlobal
